
Microsoft Visual Studio Solution File, Format Version 12.00
# Visual Studio 15
VisualStudioVersion = 15.0.26730.16
MinimumVisualStudioVersion = 10.0.40219.1
Project("{FAE04EC0-301F-11D3-BF4B-00C04F79EFBC}") = "Project-Based Learning Decker", "Project-Based Learning Decker\Project-Based Learning Decker.csproj", "{A9E31864-FFCF-4ACA-B57E-010560BF159F}"
EndProject
Global
	GlobalSection(SolutionConfigurationPlatforms) = preSolution
		Debug|Any CPU = Debug|Any CPU
		Release|Any CPU = Release|Any CPU
	EndGlobalSection
	GlobalSection(ProjectConfigurationPlatforms) = postSolution
		{A9E31864-FFCF-4ACA-B57E-010560BF159F}.Debug|Any CPU.ActiveCfg = Debug|Any CPU
		{A9E31864-FFCF-4ACA-B57E-010560BF159F}.Debug|Any CPU.Build.0 = Debug|Any CPU
		{A9E31864-FFCF-4ACA-B57E-010560BF159F}.Release|Any CPU.ActiveCfg = Release|Any CPU
		{A9E31864-FFCF-4ACA-B57E-010560BF159F}.Release|Any CPU.Build.0 = Release|Any CPU
	EndGlobalSection
	GlobalSection(SolutionProperties) = preSolution
		HideSolutionNode = FALSE
	EndGlobalSection
	GlobalSection(ExtensibilityGlobals) = postSolution
		SolutionGuid = {730D9877-AA13-4063-96C9-B51945719999}
	EndGlobalSection
EndGlobal
